// !$*UTF8*$!
{
	archiveVersion = 1;
	classes = {
	};
	objectVersion = 56;
	objects = {

/* Begin PBXBuildFile section */
		A10000212E00000000000000 /* IOSLabDashboardApp.swift in Sources */ = {isa = PBXBuildFile; fileRef = A10000112E00000000000000 /* IOSLabDashboardApp.swift */; };
		A10000222E00000000000000 /* ContentView.swift in Sources */ = {isa = PBXBuildFile; fileRef = A10000122E00000000000000 /* ContentView.swift */; };
		A10000232E00000000000000 /* DeviceGridView.swift in Sources */ = {isa = PBXBuildFile; fileRef = A10000132E00000000000000 /* DeviceGridView.swift */; };
		A10000242E00000000000000 /* LogsPanelView.swift in Sources */ = {isa = PBXBuildFile; fileRef = A10000142E00000000000000 /* LogsPanelView.swift */; };
		A10000252E00000000000000 /* MetricsPanelView.swift in Sources */ = {isa = PBXBuildFile; fileRef = A10000152E00000000000000 /* MetricsPanelView.swift */; };
		A10000262E00000000000000 /* TestTimelineView.swift in Sources */ = {isa = PBXBuildFile; fileRef = A10000162E00000000000000 /* TestTimelineView.swift */; };
		A10000272E00000000000000 /* DashboardModels.swift in Sources */ = {isa = PBXBuildFile; fileRef = A10000172E00000000000000 /* DashboardModels.swift */; };
		A10000282E00000000000000 /* APIClient.swift in Sources */ = {isa = PBXBuildFile; fileRef = A10000182E00000000000000 /* APIClient.swift */; };
		A10000292E00000000000000 /* DashboardViewModel.swift in Sources */ = {isa = PBXBuildFile; fileRef = A10000192E00000000000000 /* DashboardViewModel.swift */; };
		A10000392E00000000000000 /* BackendRuntime.swift in Sources */ = {isa = PBXBuildFile; fileRef = A10000492E00000000000000 /* BackendRuntime.swift */; };
/* End PBXBuildFile section */

/* Begin PBXFileReference section */
		A10000012E00000000000000 /* IOSLabDashboard.app */ = {isa = PBXFileReference; explicitFileType = wrapper.application; includeInIndex = 0; path = IOSLabDashboard.app; sourceTree = BUILT_PRODUCTS_DIR; };
		A10000112E00000000000000 /* IOSLabDashboardApp.swift */ = {isa = PBXFileReference; lastKnownFileType = sourcecode.swift; path = IOSLabDashboardApp.swift; sourceTree = "<group>"; };
		A10000122E00000000000000 /* ContentView.swift */ = {isa = PBXFileReference; lastKnownFileType = sourcecode.swift; path = ContentView.swift; sourceTree = "<group>"; };
		A10000132E00000000000000 /* DeviceGridView.swift */ = {isa = PBXFileReference; lastKnownFileType = sourcecode.swift; path = IOSLabDashboard/Features/DeviceGrid/DeviceGridView.swift; sourceTree = SOURCE_ROOT; };
		A10000142E00000000000000 /* LogsPanelView.swift */ = {isa = PBXFileReference; lastKnownFileType = sourcecode.swift; path = IOSLabDashboard/Features/Logs/LogsPanelView.swift; sourceTree = SOURCE_ROOT; };
		A10000152E00000000000000 /* MetricsPanelView.swift */ = {isa = PBXFileReference; lastKnownFileType = sourcecode.swift; path = IOSLabDashboard/Features/Metrics/MetricsPanelView.swift; sourceTree = SOURCE_ROOT; };
		A10000162E00000000000000 /* TestTimelineView.swift */ = {isa = PBXFileReference; lastKnownFileType = sourcecode.swift; path = IOSLabDashboard/Features/TestRuns/TestTimelineView.swift; sourceTree = SOURCE_ROOT; };
		A10000172E00000000000000 /* DashboardModels.swift */ = {isa = PBXFileReference; lastKnownFileType = sourcecode.swift; path = DashboardModels.swift; sourceTree = "<group>"; };
		A10000182E00000000000000 /* APIClient.swift */ = {isa = PBXFileReference; lastKnownFileType = sourcecode.swift; path = APIClient.swift; sourceTree = "<group>"; };
		A10000192E00000000000000 /* DashboardViewModel.swift */ = {isa = PBXFileReference; lastKnownFileType = sourcecode.swift; path = DashboardViewModel.swift; sourceTree = "<group>"; };
		A10000492E00000000000000 /* BackendRuntime.swift */ = {isa = PBXFileReference; lastKnownFileType = sourcecode.swift; path = IOSLabDashboard/Services/BackendRuntime.swift; sourceTree = SOURCE_ROOT; };
/* End PBXFileReference section */

/* Begin PBXGroup section */
		A10000022E00000000000000 = {
			isa = PBXGroup;
			children = (
				A10000032E00000000000000 /* IOSLabDashboard */,
				A10000042E00000000000000 /* Products */,
			);
			sourceTree = "<group>";
		};
		A10000032E00000000000000 /* IOSLabDashboard */ = {
			isa = PBXGroup;
			children = (
				A10000312E00000000000000 /* App */,
				A10000322E00000000000000 /* Features */,
				A10000332E00000000000000 /* Models */,
				A10000342E00000000000000 /* Networking */,
				A10000352E00000000000000 /* ViewModels */,
				A10000362E00000000000000 /* Services */,
			);
			path = IOSLabDashboard;
			sourceTree = "<group>";
		};

		A10000362E00000000000000 /* Services */ = {
			isa = PBXGroup;
			children = (
				A10000492E00000000000000 /* BackendRuntime.swift */,
			);
			path = Services;
			sourceTree = "<group>";
		};
/* End PBXGroup section */

/* Begin PBXSourcesBuildPhase section */
		A10000092E00000000000000 /* Sources */ = {
			isa = PBXSourcesBuildPhase;
			files = (
				A10000212E00000000000000,
				A10000222E00000000000000,
				A10000232E00000000000000,
				A10000242E00000000000000,
				A10000252E00000000000000,
				A10000262E00000000000000,
				A10000272E00000000000000,
				A10000282E00000000000000,
				A10000292E00000000000000,
				A10000392E00000000000000,
			);
		};
/* End PBXSourcesBuildPhase section */
	};
	rootObject = A10000052E00000000000000;
}